
Microsoft Visual Studio Solution File, Format Version 12.00
Project("{2150E333-8FDC-42A3-9474-1A3956D46DE8}") = "src", "src", "{106D8382-47A2-4E2A-8A92-738C7D4F105D}"
EndProject
Project("{2150E333-8FDC-42A3-9474-1A3956D46DE8}") = "common", "common", "{9E2461DE-6769-44A2-8572-5EAC6A6A1A8D}"
ProjectSection(SolutionItems) = preProject
	README.md = README.md
EndProjectSection
EndProject
Project("{FAE04EC0-301F-11D3-BF4B-00C04F79EFBC}") = "CreScore.Scores", "src\CreScore.Scores\CreScore.Scores.csproj", "{F50A93A2-028D-434F-8FD5-247D1C1846C5}"
EndProject
Project("{FAE04EC0-301F-11D3-BF4B-00C04F79EFBC}") = "CreScore.Scores.Protos", "src\CreScore.Scores.Protos\CreScore.Scores.Protos.csproj", "{740844EA-0E15-4403-A352-87335C3C9EF4}"
EndProject
Project("{FAE04EC0-301F-11D3-BF4B-00C04F79EFBC}") = "CreScore.Scores.Infrastructure", "src\CreScore.Scores.Infrastructure\CreScore.Scores.Infrastructure.csproj", "{E5A852B3-96AC-45CA-BDC9-AB820F1C5057}"
EndProject
Project("{FAE04EC0-301F-11D3-BF4B-00C04F79EFBC}") = "CreScore.Scores.Core", "src\CreScore.Scores.Core\CreScore.Scores.Core.csproj", "{926F8FA1-394C-44F3-A63F-095BEE0105B8}"
EndProject
Project("{2150E333-8FDC-42A3-9474-1A3956D46DE8}") = "k8s", "k8s", "{02768BEB-0C4E-458F-BB7F-FBDB247B8A9D}"
ProjectSection(SolutionItems) = preProject
	Dockerfile = Dockerfile
	.dockerignore = .dockerignore
	k8s\deploy.yaml = k8s\deploy.yaml
	k8s\loadBalancer.yaml = k8s\loadBalancer.yaml
EndProjectSection
EndProject
Global
	GlobalSection(SolutionConfigurationPlatforms) = preSolution
		Debug|Any CPU = Debug|Any CPU
		Release|Any CPU = Release|Any CPU
	EndGlobalSection
	GlobalSection(NestedProjects) = preSolution
		{F50A93A2-028D-434F-8FD5-247D1C1846C5} = {106D8382-47A2-4E2A-8A92-738C7D4F105D}
		{740844EA-0E15-4403-A352-87335C3C9EF4} = {106D8382-47A2-4E2A-8A92-738C7D4F105D}
		{E5A852B3-96AC-45CA-BDC9-AB820F1C5057} = {106D8382-47A2-4E2A-8A92-738C7D4F105D}
		{926F8FA1-394C-44F3-A63F-095BEE0105B8} = {106D8382-47A2-4E2A-8A92-738C7D4F105D}
	EndGlobalSection
	GlobalSection(ProjectConfigurationPlatforms) = postSolution
		{F50A93A2-028D-434F-8FD5-247D1C1846C5}.Debug|Any CPU.ActiveCfg = Debug|Any CPU
		{F50A93A2-028D-434F-8FD5-247D1C1846C5}.Debug|Any CPU.Build.0 = Debug|Any CPU
		{F50A93A2-028D-434F-8FD5-247D1C1846C5}.Release|Any CPU.ActiveCfg = Release|Any CPU
		{F50A93A2-028D-434F-8FD5-247D1C1846C5}.Release|Any CPU.Build.0 = Release|Any CPU
		{740844EA-0E15-4403-A352-87335C3C9EF4}.Debug|Any CPU.ActiveCfg = Debug|Any CPU
		{740844EA-0E15-4403-A352-87335C3C9EF4}.Debug|Any CPU.Build.0 = Debug|Any CPU
		{740844EA-0E15-4403-A352-87335C3C9EF4}.Release|Any CPU.ActiveCfg = Release|Any CPU
		{740844EA-0E15-4403-A352-87335C3C9EF4}.Release|Any CPU.Build.0 = Release|Any CPU
		{E5A852B3-96AC-45CA-BDC9-AB820F1C5057}.Debug|Any CPU.ActiveCfg = Debug|Any CPU
		{E5A852B3-96AC-45CA-BDC9-AB820F1C5057}.Debug|Any CPU.Build.0 = Debug|Any CPU
		{E5A852B3-96AC-45CA-BDC9-AB820F1C5057}.Release|Any CPU.ActiveCfg = Release|Any CPU
		{E5A852B3-96AC-45CA-BDC9-AB820F1C5057}.Release|Any CPU.Build.0 = Release|Any CPU
		{926F8FA1-394C-44F3-A63F-095BEE0105B8}.Debug|Any CPU.ActiveCfg = Debug|Any CPU
		{926F8FA1-394C-44F3-A63F-095BEE0105B8}.Debug|Any CPU.Build.0 = Debug|Any CPU
		{926F8FA1-394C-44F3-A63F-095BEE0105B8}.Release|Any CPU.ActiveCfg = Release|Any CPU
		{926F8FA1-394C-44F3-A63F-095BEE0105B8}.Release|Any CPU.Build.0 = Release|Any CPU
	EndGlobalSection
EndGlobal
